
Microsoft Visual Studio Solution File, Format Version 12.00
# Visual Studio Version 17
VisualStudioVersion = 17.13.35931.197
MinimumVisualStudioVersion = 10.0.40219.1
Project("{FAE04EC0-301F-11D3-BF4B-00C04F79EFBC}") = "TranscodingService", "TranscodingService\TranscodingService.csproj", "{A2CD6945-D997-48B1-9162-A95EFD56132F}"
EndProject
Global
	GlobalSection(SolutionConfigurationPlatforms) = preSolution
		Debug|Any CPU = Debug|Any CPU
		Release|Any CPU = Release|Any CPU
	EndGlobalSection
	GlobalSection(ProjectConfigurationPlatforms) = postSolution
		{A2CD6945-D997-48B1-9162-A95EFD56132F}.Debug|Any CPU.ActiveCfg = Debug|Any CPU
		{A2CD6945-D997-48B1-9162-A95EFD56132F}.Debug|Any CPU.Build.0 = Debug|Any CPU
		{A2CD6945-D997-48B1-9162-A95EFD56132F}.Release|Any CPU.ActiveCfg = Release|Any CPU
		{A2CD6945-D997-48B1-9162-A95EFD56132F}.Release|Any CPU.Build.0 = Release|Any CPU
	EndGlobalSection
	GlobalSection(SolutionProperties) = preSolution
		HideSolutionNode = FALSE
	EndGlobalSection
	GlobalSection(ExtensibilityGlobals) = postSolution
		SolutionGuid = {4459481D-444F-4A69-9C3C-BB4967C5812B}
	EndGlobalSection
EndGlobal
