
Microsoft Visual Studio Solution File, Format Version 12.00
# Visual Studio Version 17
VisualStudioVersion = 17.13.35931.197
MinimumVisualStudioVersion = 10.0.40219.1
Project("{FAE04EC0-301F-11D3-BF4B-00C04F79EFBC}") = "API-Gateway", "API-Gateway\API-Gateway.csproj", "{D02D718A-B99D-4AE0-B433-8DD54DA74528}"
EndProject
Global
	GlobalSection(SolutionConfigurationPlatforms) = preSolution
		Debug|Any CPU = Debug|Any CPU
		Release|Any CPU = Release|Any CPU
	EndGlobalSection
	GlobalSection(ProjectConfigurationPlatforms) = postSolution
		{D02D718A-B99D-4AE0-B433-8DD54DA74528}.Debug|Any CPU.ActiveCfg = Debug|Any CPU
		{D02D718A-B99D-4AE0-B433-8DD54DA74528}.Debug|Any CPU.Build.0 = Debug|Any CPU
		{D02D718A-B99D-4AE0-B433-8DD54DA74528}.Release|Any CPU.ActiveCfg = Release|Any CPU
		{D02D718A-B99D-4AE0-B433-8DD54DA74528}.Release|Any CPU.Build.0 = Release|Any CPU
	EndGlobalSection
	GlobalSection(SolutionProperties) = preSolution
		HideSolutionNode = FALSE
	EndGlobalSection
	GlobalSection(ExtensibilityGlobals) = postSolution
		SolutionGuid = {4C057979-36EE-4B3A-963B-82520F86F211}
	EndGlobalSection
EndGlobal
