
Microsoft Visual Studio Solution File, Format Version 12.00
# Visual Studio Version 17
VisualStudioVersion = 17.13.35931.197 d17.13
MinimumVisualStudioVersion = 10.0.40219.1
Project("{FAE04EC0-301F-11D3-BF4B-00C04F79EFBC}") = "StreamingService", "StreamingService\StreamingService.csproj", "{67F7394C-0FB2-4215-94F7-9E26247D714E}"
EndProject
Global
	GlobalSection(SolutionConfigurationPlatforms) = preSolution
		Debug|Any CPU = Debug|Any CPU
		Release|Any CPU = Release|Any CPU
	EndGlobalSection
	GlobalSection(ProjectConfigurationPlatforms) = postSolution
		{67F7394C-0FB2-4215-94F7-9E26247D714E}.Debug|Any CPU.ActiveCfg = Debug|Any CPU
		{67F7394C-0FB2-4215-94F7-9E26247D714E}.Debug|Any CPU.Build.0 = Debug|Any CPU
		{67F7394C-0FB2-4215-94F7-9E26247D714E}.Release|Any CPU.ActiveCfg = Release|Any CPU
		{67F7394C-0FB2-4215-94F7-9E26247D714E}.Release|Any CPU.Build.0 = Release|Any CPU
	EndGlobalSection
	GlobalSection(SolutionProperties) = preSolution
		HideSolutionNode = FALSE
	EndGlobalSection
	GlobalSection(ExtensibilityGlobals) = postSolution
		SolutionGuid = {A7EF16A6-307C-41B8-9191-54E6DFF61720}
	EndGlobalSection
EndGlobal
